
Microsoft Visual Studio Solution File, Format Version 12.00
# Visual Studio 14
VisualStudioVersion = 14.0.25420.1
MinimumVisualStudioVersion = 10.0.40219.1
Project("{2150E333-8FDC-42A3-9474-1A3956D46DE8}") = "src", "src", "{C74DF4A9-C1BF-48DA-965A-60D0A1E1A906}"
EndProject
Project("{2150E333-8FDC-42A3-9474-1A3956D46DE8}") = "Solution Items", "Solution Items", "{B0C27C04-83AD-44A7-89E7-8F525655CA24}"
	ProjectSection(SolutionItems) = preProject
		global.json = global.json
	EndProjectSection
EndProject
Project("{2150E333-8FDC-42A3-9474-1A3956D46DE8}") = "apps", "apps", "{34DFE182-F532-4A02-BBEE-564874BB2A76}"
EndProject
Project("{2150E333-8FDC-42A3-9474-1A3956D46DE8}") = "libs", "libs", "{7E5CBF39-EDAD-469D-B827-068DA6A90A7D}"
EndProject
Project("{8BB2217D-0F2D-49D1-97BC-3654ED321F3B}") = "FlexLabs.EDAssistant.DiscordBot", "src\apps\FlexLabs.EDAssistant.DiscordBot\FlexLabs.EDAssistant.DiscordBot.xproj", "{BC4B36B2-62F0-4361-A85D-B6D5EF61DD62}"
EndProject
Project("{8BB2217D-0F2D-49D1-97BC-3654ED321F3B}") = "FlexLabs.EDAssistant.Web", "src\apps\FlexLabs.EDAssistant.Web\FlexLabs.EDAssistant.Web.xproj", "{F4572418-F34F-4FBA-BA1E-9CB5C20F2D9C}"
EndProject
Project("{8BB2217D-0F2D-49D1-97BC-3654ED321F3B}") = "FlexLabs.EDAssistant.Base", "src\libs\FlexLabs.EDAssistant.Base\FlexLabs.EDAssistant.Base.xproj", "{F7A2D18A-A133-467B-BAF0-92A5EFF3E734}"
EndProject
Project("{8BB2217D-0F2D-49D1-97BC-3654ED321F3B}") = "FlexLabs.EDAssistant.Models", "src\libs\FlexLabs.EDAssistant.Models\FlexLabs.EDAssistant.Models.xproj", "{C2BA8A78-ABBA-4336-9DD4-3D66118BA2EF}"
EndProject
Project("{8BB2217D-0F2D-49D1-97BC-3654ED321F3B}") = "FlexLabs.EDAssistant.Repositories", "src\libs\FlexLabs.EDAssistant.Repositories\FlexLabs.EDAssistant.Repositories.xproj", "{E191151B-C79F-4EF7-9AF6-628055FA8FBB}"
EndProject
Project("{8BB2217D-0F2D-49D1-97BC-3654ED321F3B}") = "FlexLabs.EDAssistant.Repositories.EFCore", "src\libs\FlexLabs.EDAssistant.Repositories.EFCore\FlexLabs.EDAssistant.Repositories.EFCore.xproj", "{BA4A420B-F8BF-4176-8363-88D475458C44}"
EndProject
Project("{8BB2217D-0F2D-49D1-97BC-3654ED321F3B}") = "FlexLabs.EDAssistant.Services", "src\libs\FlexLabs.EDAssistant.Services\FlexLabs.EDAssistant.Services.xproj", "{30A7D3EC-D111-4447-88A0-070071ED406B}"
EndProject
Project("{8BB2217D-0F2D-49D1-97BC-3654ED321F3B}") = "FlexLabs.EDAssistant.Injection", "src\libs\FlexLabs.EDAssistant.Injection\FlexLabs.EDAssistant.Injection.xproj", "{5B1CEE47-F25A-4D61-A44C-B92C84265DE4}"
EndProject
Global
	GlobalSection(SolutionConfigurationPlatforms) = preSolution
		Debug|Any CPU = Debug|Any CPU
		Release|Any CPU = Release|Any CPU
	EndGlobalSection
	GlobalSection(ProjectConfigurationPlatforms) = postSolution
		{BC4B36B2-62F0-4361-A85D-B6D5EF61DD62}.Debug|Any CPU.ActiveCfg = Debug|Any CPU
		{BC4B36B2-62F0-4361-A85D-B6D5EF61DD62}.Debug|Any CPU.Build.0 = Debug|Any CPU
		{BC4B36B2-62F0-4361-A85D-B6D5EF61DD62}.Release|Any CPU.ActiveCfg = Release|Any CPU
		{BC4B36B2-62F0-4361-A85D-B6D5EF61DD62}.Release|Any CPU.Build.0 = Release|Any CPU
		{F4572418-F34F-4FBA-BA1E-9CB5C20F2D9C}.Debug|Any CPU.ActiveCfg = Debug|Any CPU
		{F4572418-F34F-4FBA-BA1E-9CB5C20F2D9C}.Debug|Any CPU.Build.0 = Debug|Any CPU
		{F4572418-F34F-4FBA-BA1E-9CB5C20F2D9C}.Release|Any CPU.ActiveCfg = Release|Any CPU
		{F4572418-F34F-4FBA-BA1E-9CB5C20F2D9C}.Release|Any CPU.Build.0 = Release|Any CPU
		{F7A2D18A-A133-467B-BAF0-92A5EFF3E734}.Debug|Any CPU.ActiveCfg = Debug|Any CPU
		{F7A2D18A-A133-467B-BAF0-92A5EFF3E734}.Debug|Any CPU.Build.0 = Debug|Any CPU
		{F7A2D18A-A133-467B-BAF0-92A5EFF3E734}.Release|Any CPU.ActiveCfg = Release|Any CPU
		{F7A2D18A-A133-467B-BAF0-92A5EFF3E734}.Release|Any CPU.Build.0 = Release|Any CPU
		{C2BA8A78-ABBA-4336-9DD4-3D66118BA2EF}.Debug|Any CPU.ActiveCfg = Debug|Any CPU
		{C2BA8A78-ABBA-4336-9DD4-3D66118BA2EF}.Debug|Any CPU.Build.0 = Debug|Any CPU
		{C2BA8A78-ABBA-4336-9DD4-3D66118BA2EF}.Release|Any CPU.ActiveCfg = Release|Any CPU
		{C2BA8A78-ABBA-4336-9DD4-3D66118BA2EF}.Release|Any CPU.Build.0 = Release|Any CPU
		{E191151B-C79F-4EF7-9AF6-628055FA8FBB}.Debug|Any CPU.ActiveCfg = Debug|Any CPU
		{E191151B-C79F-4EF7-9AF6-628055FA8FBB}.Debug|Any CPU.Build.0 = Debug|Any CPU
		{E191151B-C79F-4EF7-9AF6-628055FA8FBB}.Release|Any CPU.ActiveCfg = Release|Any CPU
		{E191151B-C79F-4EF7-9AF6-628055FA8FBB}.Release|Any CPU.Build.0 = Release|Any CPU
		{BA4A420B-F8BF-4176-8363-88D475458C44}.Debug|Any CPU.ActiveCfg = Debug|Any CPU
		{BA4A420B-F8BF-4176-8363-88D475458C44}.Debug|Any CPU.Build.0 = Debug|Any CPU
		{BA4A420B-F8BF-4176-8363-88D475458C44}.Release|Any CPU.ActiveCfg = Release|Any CPU
		{BA4A420B-F8BF-4176-8363-88D475458C44}.Release|Any CPU.Build.0 = Release|Any CPU
		{30A7D3EC-D111-4447-88A0-070071ED406B}.Debug|Any CPU.ActiveCfg = Debug|Any CPU
		{30A7D3EC-D111-4447-88A0-070071ED406B}.Debug|Any CPU.Build.0 = Debug|Any CPU
		{30A7D3EC-D111-4447-88A0-070071ED406B}.Release|Any CPU.ActiveCfg = Release|Any CPU
		{30A7D3EC-D111-4447-88A0-070071ED406B}.Release|Any CPU.Build.0 = Release|Any CPU
		{5B1CEE47-F25A-4D61-A44C-B92C84265DE4}.Debug|Any CPU.ActiveCfg = Debug|Any CPU
		{5B1CEE47-F25A-4D61-A44C-B92C84265DE4}.Debug|Any CPU.Build.0 = Debug|Any CPU
		{5B1CEE47-F25A-4D61-A44C-B92C84265DE4}.Release|Any CPU.ActiveCfg = Release|Any CPU
		{5B1CEE47-F25A-4D61-A44C-B92C84265DE4}.Release|Any CPU.Build.0 = Release|Any CPU
	EndGlobalSection
	GlobalSection(SolutionProperties) = preSolution
		HideSolutionNode = FALSE
	EndGlobalSection
	GlobalSection(NestedProjects) = preSolution
		{34DFE182-F532-4A02-BBEE-564874BB2A76} = {C74DF4A9-C1BF-48DA-965A-60D0A1E1A906}
		{7E5CBF39-EDAD-469D-B827-068DA6A90A7D} = {C74DF4A9-C1BF-48DA-965A-60D0A1E1A906}
		{BC4B36B2-62F0-4361-A85D-B6D5EF61DD62} = {34DFE182-F532-4A02-BBEE-564874BB2A76}
		{F4572418-F34F-4FBA-BA1E-9CB5C20F2D9C} = {34DFE182-F532-4A02-BBEE-564874BB2A76}
		{F7A2D18A-A133-467B-BAF0-92A5EFF3E734} = {7E5CBF39-EDAD-469D-B827-068DA6A90A7D}
		{C2BA8A78-ABBA-4336-9DD4-3D66118BA2EF} = {7E5CBF39-EDAD-469D-B827-068DA6A90A7D}
		{E191151B-C79F-4EF7-9AF6-628055FA8FBB} = {7E5CBF39-EDAD-469D-B827-068DA6A90A7D}
		{BA4A420B-F8BF-4176-8363-88D475458C44} = {7E5CBF39-EDAD-469D-B827-068DA6A90A7D}
		{30A7D3EC-D111-4447-88A0-070071ED406B} = {7E5CBF39-EDAD-469D-B827-068DA6A90A7D}
		{5B1CEE47-F25A-4D61-A44C-B92C84265DE4} = {7E5CBF39-EDAD-469D-B827-068DA6A90A7D}
	EndGlobalSection
EndGlobal
