
Microsoft Visual Studio Solution File, Format Version 12.00
# Visual Studio 15
VisualStudioVersion = 15.0.26228.4
MinimumVisualStudioVersion = 10.0.40219.1
Project("{2150E333-8FDC-42A3-9474-1A3956D46DE8}") = ".solution", ".solution", "{3D518479-DD5D-4A6C-B0D4-2B0191419058}"
	ProjectSection(SolutionItems) = preProject
		.editorconfig = .editorconfig
	EndProjectSection
EndProject
Project("{2150E333-8FDC-42A3-9474-1A3956D46DE8}") = "apps", "apps", "{7CCB8C5B-C4F5-4B77-A2E6-D9970E619FDA}"
EndProject
Project("{2150E333-8FDC-42A3-9474-1A3956D46DE8}") = "libs", "libs", "{03BAD7F0-041A-43CC-B48E-82AF4DB3231A}"
EndProject
Project("{FAE04EC0-301F-11D3-BF4B-00C04F79EFBC}") = "FlexLabs.EDAssistant.Base", "src\libs\FlexLabs.EDAssistant.Base\FlexLabs.EDAssistant.Base.csproj", "{5B7C6ABA-C6CC-48A7-B5AA-84BE0113691F}"
EndProject
Project("{FAE04EC0-301F-11D3-BF4B-00C04F79EFBC}") = "FlexLabs.EDAssistant.Injection", "src\libs\FlexLabs.EDAssistant.Injection\FlexLabs.EDAssistant.Injection.csproj", "{BE1261C2-89FA-4CC0-AA54-033F4F15E179}"
EndProject
Project("{FAE04EC0-301F-11D3-BF4B-00C04F79EFBC}") = "FlexLabs.EDAssistant.Models", "src\libs\FlexLabs.EDAssistant.Models\FlexLabs.EDAssistant.Models.csproj", "{5BAEA476-E7A1-46AA-92E1-E8F12AB71E40}"
EndProject
Project("{FAE04EC0-301F-11D3-BF4B-00C04F79EFBC}") = "FlexLabs.EDAssistant.Repositories", "src\libs\FlexLabs.EDAssistant.Repositories\FlexLabs.EDAssistant.Repositories.csproj", "{795FA34D-8741-4A48-AB89-3B837538FED9}"
EndProject
Project("{FAE04EC0-301F-11D3-BF4B-00C04F79EFBC}") = "FlexLabs.EDAssistant.Repositories.EFCore", "src\libs\FlexLabs.EDAssistant.Repositories.EFCore\FlexLabs.EDAssistant.Repositories.EFCore.csproj", "{FA4B2AD9-3C55-4BD9-BCFA-4CBD2E821426}"
EndProject
Project("{FAE04EC0-301F-11D3-BF4B-00C04F79EFBC}") = "FlexLabs.EDAssistant.Services", "src\libs\FlexLabs.EDAssistant.Services\FlexLabs.EDAssistant.Services.csproj", "{856D992D-383C-4DD4-8B32-E8F48BCFE7E8}"
EndProject
Project("{FAE04EC0-301F-11D3-BF4B-00C04F79EFBC}") = "FlexLabs.EDAssistant.DiscordBot", "src\apps\FlexLabs.EDAssistant.DiscordBot\FlexLabs.EDAssistant.DiscordBot.csproj", "{CECA1A63-B694-4F53-B8E2-272554B27015}"
EndProject
Project("{FAE04EC0-301F-11D3-BF4B-00C04F79EFBC}") = "FlexLabs.EDAssistant.Web", "src\apps\FlexLabs.EDAssistant.Web\FlexLabs.EDAssistant.Web.csproj", "{E7B4D884-FDD3-4EC2-8504-58CDA0D80E0F}"
EndProject
Global
	GlobalSection(SolutionConfigurationPlatforms) = preSolution
		Debug|Any CPU = Debug|Any CPU
		Release|Any CPU = Release|Any CPU
	EndGlobalSection
	GlobalSection(ProjectConfigurationPlatforms) = postSolution
		{5B7C6ABA-C6CC-48A7-B5AA-84BE0113691F}.Debug|Any CPU.ActiveCfg = Debug|Any CPU
		{5B7C6ABA-C6CC-48A7-B5AA-84BE0113691F}.Debug|Any CPU.Build.0 = Debug|Any CPU
		{5B7C6ABA-C6CC-48A7-B5AA-84BE0113691F}.Release|Any CPU.ActiveCfg = Release|Any CPU
		{5B7C6ABA-C6CC-48A7-B5AA-84BE0113691F}.Release|Any CPU.Build.0 = Release|Any CPU
		{BE1261C2-89FA-4CC0-AA54-033F4F15E179}.Debug|Any CPU.ActiveCfg = Debug|Any CPU
		{BE1261C2-89FA-4CC0-AA54-033F4F15E179}.Debug|Any CPU.Build.0 = Debug|Any CPU
		{BE1261C2-89FA-4CC0-AA54-033F4F15E179}.Release|Any CPU.ActiveCfg = Release|Any CPU
		{BE1261C2-89FA-4CC0-AA54-033F4F15E179}.Release|Any CPU.Build.0 = Release|Any CPU
		{5BAEA476-E7A1-46AA-92E1-E8F12AB71E40}.Debug|Any CPU.ActiveCfg = Debug|Any CPU
		{5BAEA476-E7A1-46AA-92E1-E8F12AB71E40}.Debug|Any CPU.Build.0 = Debug|Any CPU
		{5BAEA476-E7A1-46AA-92E1-E8F12AB71E40}.Release|Any CPU.ActiveCfg = Release|Any CPU
		{5BAEA476-E7A1-46AA-92E1-E8F12AB71E40}.Release|Any CPU.Build.0 = Release|Any CPU
		{795FA34D-8741-4A48-AB89-3B837538FED9}.Debug|Any CPU.ActiveCfg = Debug|Any CPU
		{795FA34D-8741-4A48-AB89-3B837538FED9}.Debug|Any CPU.Build.0 = Debug|Any CPU
		{795FA34D-8741-4A48-AB89-3B837538FED9}.Release|Any CPU.ActiveCfg = Release|Any CPU
		{795FA34D-8741-4A48-AB89-3B837538FED9}.Release|Any CPU.Build.0 = Release|Any CPU
		{FA4B2AD9-3C55-4BD9-BCFA-4CBD2E821426}.Debug|Any CPU.ActiveCfg = Debug|Any CPU
		{FA4B2AD9-3C55-4BD9-BCFA-4CBD2E821426}.Debug|Any CPU.Build.0 = Debug|Any CPU
		{FA4B2AD9-3C55-4BD9-BCFA-4CBD2E821426}.Release|Any CPU.ActiveCfg = Release|Any CPU
		{FA4B2AD9-3C55-4BD9-BCFA-4CBD2E821426}.Release|Any CPU.Build.0 = Release|Any CPU
		{856D992D-383C-4DD4-8B32-E8F48BCFE7E8}.Debug|Any CPU.ActiveCfg = Debug|Any CPU
		{856D992D-383C-4DD4-8B32-E8F48BCFE7E8}.Debug|Any CPU.Build.0 = Debug|Any CPU
		{856D992D-383C-4DD4-8B32-E8F48BCFE7E8}.Release|Any CPU.ActiveCfg = Release|Any CPU
		{856D992D-383C-4DD4-8B32-E8F48BCFE7E8}.Release|Any CPU.Build.0 = Release|Any CPU
		{CECA1A63-B694-4F53-B8E2-272554B27015}.Debug|Any CPU.ActiveCfg = Debug|Any CPU
		{CECA1A63-B694-4F53-B8E2-272554B27015}.Debug|Any CPU.Build.0 = Debug|Any CPU
		{CECA1A63-B694-4F53-B8E2-272554B27015}.Release|Any CPU.ActiveCfg = Release|Any CPU
		{CECA1A63-B694-4F53-B8E2-272554B27015}.Release|Any CPU.Build.0 = Release|Any CPU
		{E7B4D884-FDD3-4EC2-8504-58CDA0D80E0F}.Debug|Any CPU.ActiveCfg = Debug|Any CPU
		{E7B4D884-FDD3-4EC2-8504-58CDA0D80E0F}.Debug|Any CPU.Build.0 = Debug|Any CPU
		{E7B4D884-FDD3-4EC2-8504-58CDA0D80E0F}.Release|Any CPU.ActiveCfg = Release|Any CPU
		{E7B4D884-FDD3-4EC2-8504-58CDA0D80E0F}.Release|Any CPU.Build.0 = Release|Any CPU
	EndGlobalSection
	GlobalSection(SolutionProperties) = preSolution
		HideSolutionNode = FALSE
	EndGlobalSection
	GlobalSection(NestedProjects) = preSolution
		{5B7C6ABA-C6CC-48A7-B5AA-84BE0113691F} = {03BAD7F0-041A-43CC-B48E-82AF4DB3231A}
		{BE1261C2-89FA-4CC0-AA54-033F4F15E179} = {03BAD7F0-041A-43CC-B48E-82AF4DB3231A}
		{5BAEA476-E7A1-46AA-92E1-E8F12AB71E40} = {03BAD7F0-041A-43CC-B48E-82AF4DB3231A}
		{795FA34D-8741-4A48-AB89-3B837538FED9} = {03BAD7F0-041A-43CC-B48E-82AF4DB3231A}
		{FA4B2AD9-3C55-4BD9-BCFA-4CBD2E821426} = {03BAD7F0-041A-43CC-B48E-82AF4DB3231A}
		{856D992D-383C-4DD4-8B32-E8F48BCFE7E8} = {03BAD7F0-041A-43CC-B48E-82AF4DB3231A}
		{CECA1A63-B694-4F53-B8E2-272554B27015} = {7CCB8C5B-C4F5-4B77-A2E6-D9970E619FDA}
		{E7B4D884-FDD3-4EC2-8504-58CDA0D80E0F} = {7CCB8C5B-C4F5-4B77-A2E6-D9970E619FDA}
	EndGlobalSection
EndGlobal
